
Microsoft Visual Studio Solution File, Format Version 12.00
# Visual Studio Version 17
VisualStudioVersion = 17.0.31903.59
MinimumVisualStudioVersion = 10.0.40219.1
Project("{2150E333-8FDC-42A3-9474-1A3956D46DE8}") = "src", "src", "{E6031B37-6E09-42FF-A1B9-0714520E452C}"
EndProject
Project("{2150E333-8FDC-42A3-9474-1A3956D46DE8}") = "BuildingBlocks", "BuildingBlocks", "{46B54B50-A246-45DD-96C8-18B2BF8A9014}"
EndProject
Project("{FAE04EC0-301F-11D3-BF4B-00C04F79EFBC}") = "BuildingBlocks", "src\BuildingBlocks\BuildingBlocks\BuildingBlocks.csproj", "{DA63FFE8-958B-43F4-9D23-63054460B0C6}"
EndProject
Project("{FAE04EC0-301F-11D3-BF4B-00C04F79EFBC}") = "SharedKernel", "src\SharedKernel\SharedKernel.csproj", "{3A6CAF0B-5516-470B-A736-234E02A20E35}"
EndProject
Project("{2150E333-8FDC-42A3-9474-1A3956D46DE8}") = "services", "services", "{DE9CC53F-442D-4C03-8A10-B6FEC1D6B3A2}"
EndProject
Project("{2150E333-8FDC-42A3-9474-1A3956D46DE8}") = "ServiceNameService", "ServiceNameService", "{8EF9204A-0377-434E-956E-CCB0C60F4E0B}"
EndProject
Project("{2150E333-8FDC-42A3-9474-1A3956D46DE8}") = "ServiceName.Core", "ServiceName.Core", "{5ED4525C-03F9-497D-87AA-AA4995E59B0E}"
EndProject
Project("{FAE04EC0-301F-11D3-BF4B-00C04F79EFBC}") = "ServiceName.Domain", "src\services\ServiceNameService\ServiceName.Core\ServiceName.Domain\ServiceName.Domain.csproj", "{C3ED6955-1017-4011-8E57-0203470E5F85}"
EndProject
Project("{FAE04EC0-301F-11D3-BF4B-00C04F79EFBC}") = "ServiceName.Application", "src\services\ServiceNameService\ServiceName.Core\ServiceName.Application\ServiceName.Application.csproj", "{2F66EFAB-6855-416F-8CD5-CBB5AEED0C67}"
EndProject
Project("{2150E333-8FDC-42A3-9474-1A3956D46DE8}") = "ServiceName.Infrastructure", "ServiceName.Infrastructure", "{4AD5B5F3-7640-4047-B207-364559C616C8}"
EndProject
Project("{FAE04EC0-301F-11D3-BF4B-00C04F79EFBC}") = "ServiceName.Infrastructure", "src\services\ServiceNameService\ServiceName.Infrastructure\ServiceName.Infrastructure\ServiceName.Infrastructure.csproj", "{FE08A28D-F342-4D72-868D-D6898B2FDD50}"
EndProject
Project("{FAE04EC0-301F-11D3-BF4B-00C04F79EFBC}") = "ServiceName.Persistence", "src\services\ServiceNameService\ServiceName.Infrastructure\ServiceName.Persistence\ServiceName.Persistence.csproj", "{8EA6AC0C-EDA3-482C-ADC3-A614D4A3CB22}"
EndProject
Project("{FAE04EC0-301F-11D3-BF4B-00C04F79EFBC}") = "ServiceName.Contracts", "src\services\ServiceNameService\ServiceName.Contracts\ServiceName.Contracts.csproj", "{D33CA325-0DAC-494F-9FA6-9A017DBD714B}"
EndProject
Project("{FAE04EC0-301F-11D3-BF4B-00C04F79EFBC}") = "ServiceName.API", "src\services\ServiceNameService\ServiceName.API\ServiceName.API.csproj", "{64D9B19A-3865-4F4C-9E48-4558A1CFECAD}"
EndProject
Global
	GlobalSection(SolutionConfigurationPlatforms) = preSolution
		Debug|Any CPU = Debug|Any CPU
		Release|Any CPU = Release|Any CPU
	EndGlobalSection
	GlobalSection(SolutionProperties) = preSolution
		HideSolutionNode = FALSE
	EndGlobalSection
	GlobalSection(ProjectConfigurationPlatforms) = postSolution
		{DA63FFE8-958B-43F4-9D23-63054460B0C6}.Debug|Any CPU.ActiveCfg = Debug|Any CPU
		{DA63FFE8-958B-43F4-9D23-63054460B0C6}.Debug|Any CPU.Build.0 = Debug|Any CPU
		{DA63FFE8-958B-43F4-9D23-63054460B0C6}.Release|Any CPU.ActiveCfg = Release|Any CPU
		{DA63FFE8-958B-43F4-9D23-63054460B0C6}.Release|Any CPU.Build.0 = Release|Any CPU
		{3A6CAF0B-5516-470B-A736-234E02A20E35}.Debug|Any CPU.ActiveCfg = Debug|Any CPU
		{3A6CAF0B-5516-470B-A736-234E02A20E35}.Debug|Any CPU.Build.0 = Debug|Any CPU
		{3A6CAF0B-5516-470B-A736-234E02A20E35}.Release|Any CPU.ActiveCfg = Release|Any CPU
		{3A6CAF0B-5516-470B-A736-234E02A20E35}.Release|Any CPU.Build.0 = Release|Any CPU
		{C3ED6955-1017-4011-8E57-0203470E5F85}.Debug|Any CPU.ActiveCfg = Debug|Any CPU
		{C3ED6955-1017-4011-8E57-0203470E5F85}.Debug|Any CPU.Build.0 = Debug|Any CPU
		{C3ED6955-1017-4011-8E57-0203470E5F85}.Release|Any CPU.ActiveCfg = Release|Any CPU
		{C3ED6955-1017-4011-8E57-0203470E5F85}.Release|Any CPU.Build.0 = Release|Any CPU
		{2F66EFAB-6855-416F-8CD5-CBB5AEED0C67}.Debug|Any CPU.ActiveCfg = Debug|Any CPU
		{2F66EFAB-6855-416F-8CD5-CBB5AEED0C67}.Debug|Any CPU.Build.0 = Debug|Any CPU
		{2F66EFAB-6855-416F-8CD5-CBB5AEED0C67}.Release|Any CPU.ActiveCfg = Release|Any CPU
		{2F66EFAB-6855-416F-8CD5-CBB5AEED0C67}.Release|Any CPU.Build.0 = Release|Any CPU
		{FE08A28D-F342-4D72-868D-D6898B2FDD50}.Debug|Any CPU.ActiveCfg = Debug|Any CPU
		{FE08A28D-F342-4D72-868D-D6898B2FDD50}.Debug|Any CPU.Build.0 = Debug|Any CPU
		{FE08A28D-F342-4D72-868D-D6898B2FDD50}.Release|Any CPU.ActiveCfg = Release|Any CPU
		{FE08A28D-F342-4D72-868D-D6898B2FDD50}.Release|Any CPU.Build.0 = Release|Any CPU
		{8EA6AC0C-EDA3-482C-ADC3-A614D4A3CB22}.Debug|Any CPU.ActiveCfg = Debug|Any CPU
		{8EA6AC0C-EDA3-482C-ADC3-A614D4A3CB22}.Debug|Any CPU.Build.0 = Debug|Any CPU
		{8EA6AC0C-EDA3-482C-ADC3-A614D4A3CB22}.Release|Any CPU.ActiveCfg = Release|Any CPU
		{8EA6AC0C-EDA3-482C-ADC3-A614D4A3CB22}.Release|Any CPU.Build.0 = Release|Any CPU
		{D33CA325-0DAC-494F-9FA6-9A017DBD714B}.Debug|Any CPU.ActiveCfg = Debug|Any CPU
		{D33CA325-0DAC-494F-9FA6-9A017DBD714B}.Debug|Any CPU.Build.0 = Debug|Any CPU
		{D33CA325-0DAC-494F-9FA6-9A017DBD714B}.Release|Any CPU.ActiveCfg = Release|Any CPU
		{D33CA325-0DAC-494F-9FA6-9A017DBD714B}.Release|Any CPU.Build.0 = Release|Any CPU
		{64D9B19A-3865-4F4C-9E48-4558A1CFECAD}.Debug|Any CPU.ActiveCfg = Debug|Any CPU
		{64D9B19A-3865-4F4C-9E48-4558A1CFECAD}.Debug|Any CPU.Build.0 = Debug|Any CPU
		{64D9B19A-3865-4F4C-9E48-4558A1CFECAD}.Release|Any CPU.ActiveCfg = Release|Any CPU
		{64D9B19A-3865-4F4C-9E48-4558A1CFECAD}.Release|Any CPU.Build.0 = Release|Any CPU
	EndGlobalSection
	GlobalSection(NestedProjects) = preSolution
		{46B54B50-A246-45DD-96C8-18B2BF8A9014} = {E6031B37-6E09-42FF-A1B9-0714520E452C}
		{DA63FFE8-958B-43F4-9D23-63054460B0C6} = {46B54B50-A246-45DD-96C8-18B2BF8A9014}
		{3A6CAF0B-5516-470B-A736-234E02A20E35} = {E6031B37-6E09-42FF-A1B9-0714520E452C}
		{DE9CC53F-442D-4C03-8A10-B6FEC1D6B3A2} = {E6031B37-6E09-42FF-A1B9-0714520E452C}
		{8EF9204A-0377-434E-956E-CCB0C60F4E0B} = {DE9CC53F-442D-4C03-8A10-B6FEC1D6B3A2}
		{5ED4525C-03F9-497D-87AA-AA4995E59B0E} = {8EF9204A-0377-434E-956E-CCB0C60F4E0B}
		{C3ED6955-1017-4011-8E57-0203470E5F85} = {5ED4525C-03F9-497D-87AA-AA4995E59B0E}
		{2F66EFAB-6855-416F-8CD5-CBB5AEED0C67} = {5ED4525C-03F9-497D-87AA-AA4995E59B0E}
		{4AD5B5F3-7640-4047-B207-364559C616C8} = {8EF9204A-0377-434E-956E-CCB0C60F4E0B}
		{FE08A28D-F342-4D72-868D-D6898B2FDD50} = {4AD5B5F3-7640-4047-B207-364559C616C8}
		{8EA6AC0C-EDA3-482C-ADC3-A614D4A3CB22} = {4AD5B5F3-7640-4047-B207-364559C616C8}
		{D33CA325-0DAC-494F-9FA6-9A017DBD714B} = {8EF9204A-0377-434E-956E-CCB0C60F4E0B}
		{64D9B19A-3865-4F4C-9E48-4558A1CFECAD} = {8EF9204A-0377-434E-956E-CCB0C60F4E0B}
	EndGlobalSection
EndGlobal
